
Microsoft Visual Studio Solution File, Format Version 12.00
# Visual Studio 15
VisualStudioVersion = 15.0.27428.2043
MinimumVisualStudioVersion = 10.0.40219.1
Project("{FAE04EC0-301F-11D3-BF4B-00C04F79EFBC}") = "VSIXBundler.Core", "VSIXBundler.Core\VSIXBundler.Core.csproj", "{D25CF7FA-AAAB-4F61-959A-949FFB7A9C24}"
EndProject
Project("{FAE04EC0-301F-11D3-BF4B-00C04F79EFBC}") = "VSIXBundler.Package", "VSIXBundler.Package\VSIXBundler.Package.csproj", "{D0579018-00DC-4219-9875-436DB619B7BE}"
EndProject
Project("{2150E333-8FDC-42A3-9474-1A3956D46DE8}") = "Solution Items", "Solution Items", "{88F81D6D-9576-46BD-8C39-2551AB327792}"
	ProjectSection(SolutionItems) = preProject
		extensions.json = extensions.json
	EndProjectSection
EndProject
Global
	GlobalSection(SolutionConfigurationPlatforms) = preSolution
		Debug|Any CPU = Debug|Any CPU
		Release|Any CPU = Release|Any CPU
	EndGlobalSection
	GlobalSection(ProjectConfigurationPlatforms) = postSolution
		{D25CF7FA-AAAB-4F61-959A-949FFB7A9C24}.Debug|Any CPU.ActiveCfg = Debug|Any CPU
		{D25CF7FA-AAAB-4F61-959A-949FFB7A9C24}.Debug|Any CPU.Build.0 = Debug|Any CPU
		{D25CF7FA-AAAB-4F61-959A-949FFB7A9C24}.Release|Any CPU.ActiveCfg = Release|Any CPU
		{D25CF7FA-AAAB-4F61-959A-949FFB7A9C24}.Release|Any CPU.Build.0 = Release|Any CPU
		{D0579018-00DC-4219-9875-436DB619B7BE}.Debug|Any CPU.ActiveCfg = Debug|Any CPU
		{D0579018-00DC-4219-9875-436DB619B7BE}.Debug|Any CPU.Build.0 = Debug|Any CPU
		{D0579018-00DC-4219-9875-436DB619B7BE}.Release|Any CPU.ActiveCfg = Release|Any CPU
		{D0579018-00DC-4219-9875-436DB619B7BE}.Release|Any CPU.Build.0 = Release|Any CPU
	EndGlobalSection
	GlobalSection(SolutionProperties) = preSolution
		HideSolutionNode = FALSE
	EndGlobalSection
	GlobalSection(ExtensibilityGlobals) = postSolution
		SolutionGuid = {3122C85E-1C9C-461D-AD2C-851D26AAF94A}
	EndGlobalSection
EndGlobal
